
Microsoft Visual Studio Solution File, Format Version 12.00
# Visual Studio 2013
VisualStudioVersion = 12.0.21005.1
MinimumVisualStudioVersion = 10.0.40219.1
Project("{FAE04EC0-301F-11D3-BF4B-00C04F79EFBC}") = "School", "School\School.csproj", "{EE1911DA-78CF-453B-AC62-DA017E1B5689}"
EndProject
Project("{FAE04EC0-301F-11D3-BF4B-00C04F79EFBC}") = "Human-Student-Worker", "Human-Student-Worker\Human-Student-Worker.csproj", "{D2BC642D-1442-425B-B49F-C7DA3BE7FCA2}"
EndProject
Global
	GlobalSection(SolutionConfigurationPlatforms) = preSolution
		Debug|Any CPU = Debug|Any CPU
		Release|Any CPU = Release|Any CPU
	EndGlobalSection
	GlobalSection(ProjectConfigurationPlatforms) = postSolution
		{EE1911DA-78CF-453B-AC62-DA017E1B5689}.Debug|Any CPU.ActiveCfg = Debug|Any CPU
		{EE1911DA-78CF-453B-AC62-DA017E1B5689}.Debug|Any CPU.Build.0 = Debug|Any CPU
		{EE1911DA-78CF-453B-AC62-DA017E1B5689}.Release|Any CPU.ActiveCfg = Release|Any CPU
		{EE1911DA-78CF-453B-AC62-DA017E1B5689}.Release|Any CPU.Build.0 = Release|Any CPU
		{D2BC642D-1442-425B-B49F-C7DA3BE7FCA2}.Debug|Any CPU.ActiveCfg = Debug|Any CPU
		{D2BC642D-1442-425B-B49F-C7DA3BE7FCA2}.Debug|Any CPU.Build.0 = Debug|Any CPU
		{D2BC642D-1442-425B-B49F-C7DA3BE7FCA2}.Release|Any CPU.ActiveCfg = Release|Any CPU
		{D2BC642D-1442-425B-B49F-C7DA3BE7FCA2}.Release|Any CPU.Build.0 = Release|Any CPU
	EndGlobalSection
	GlobalSection(SolutionProperties) = preSolution
		HideSolutionNode = FALSE
	EndGlobalSection
EndGlobal
